
Microsoft Visual Studio Solution File, Format Version 12.00
# Visual Studio Version 16
VisualStudioVersion = 16.0.31515.178
MinimumVisualStudioVersion = 10.0.40219.1
Project("{8BC9CEB8-8B4A-11D0-8D11-00A0C91BC942}") = "CudaCube", "..\CPP\Engine\CudaCube\CudaCube.vcxproj", "{6BC2E2CC-751C-4F2B-ABEF-A2C2C1123805}"
	ProjectSection(ProjectDependencies) = postProject
		{6639970A-C95E-41E5-98A8-DBDB776377C4} = {6639970A-C95E-41E5-98A8-DBDB776377C4}
		{BD8D4358-9F37-4354-A814-69329E0F7F65} = {BD8D4358-9F37-4354-A814-69329E0F7F65}
	EndProjectSection
EndProject
Project("{8BC9CEB8-8B4A-11D0-8D11-00A0C91BC942}") = "Common", "..\CPP\Common\Common.vcxproj", "{6639970A-C95E-41E5-98A8-DBDB776377C4}"
EndProject
Project("{8BC9CEB8-8B4A-11D0-8D11-00A0C91BC942}") = "BasicCube", "..\CPP\Engine\BasicCube\BasicCube.vcxproj", "{BD8D4358-9F37-4354-A814-69329E0F7F65}"
	ProjectSection(ProjectDependencies) = postProject
		{6639970A-C95E-41E5-98A8-DBDB776377C4} = {6639970A-C95E-41E5-98A8-DBDB776377C4}
	EndProjectSection
EndProject
Project("{8BC9CEB8-8B4A-11D0-8D11-00A0C91BC942}") = "MaiTrix", "..\CPP\Engine\MaiTrix\MaiTrix.vcxproj", "{698B5F5A-0F26-4BE7-8A4E-F624A19C09DA}"
	ProjectSection(ProjectDependencies) = postProject
		{6639970A-C95E-41E5-98A8-DBDB776377C4} = {6639970A-C95E-41E5-98A8-DBDB776377C4}
		{BD8D4358-9F37-4354-A814-69329E0F7F65} = {BD8D4358-9F37-4354-A814-69329E0F7F65}
		{6BC2E2CC-751C-4F2B-ABEF-A2C2C1123805} = {6BC2E2CC-751C-4F2B-ABEF-A2C2C1123805}
	EndProjectSection
EndProject
Project("{8BC9CEB8-8B4A-11D0-8D11-00A0C91BC942}") = "Guide", "..\CPP\Face\Guide\Guide.vcxproj", "{C65BE3BF-8C99-4B0A-9A07-42EFE1ED6851}"
	ProjectSection(ProjectDependencies) = postProject
		{6639970A-C95E-41E5-98A8-DBDB776377C4} = {6639970A-C95E-41E5-98A8-DBDB776377C4}
		{A6228F50-4D9A-40D6-A750-A377F9B45186} = {A6228F50-4D9A-40D6-A750-A377F9B45186}
		{BD8D4358-9F37-4354-A814-69329E0F7F65} = {BD8D4358-9F37-4354-A814-69329E0F7F65}
		{698B5F5A-0F26-4BE7-8A4E-F624A19C09DA} = {698B5F5A-0F26-4BE7-8A4E-F624A19C09DA}
		{6BC2E2CC-751C-4F2B-ABEF-A2C2C1123805} = {6BC2E2CC-751C-4F2B-ABEF-A2C2C1123805}
	EndProjectSection
EndProject
Project("{8BC9CEB8-8B4A-11D0-8D11-00A0C91BC942}") = "CudaCubeTest", "..\Tests\CudaCubeTest\CudaCubeTest.vcxproj", "{9ECC177D-259F-4885-A81A-96BEF8C61424}"
	ProjectSection(ProjectDependencies) = postProject
		{BD8D4358-9F37-4354-A814-69329E0F7F65} = {BD8D4358-9F37-4354-A814-69329E0F7F65}
		{6BC2E2CC-751C-4F2B-ABEF-A2C2C1123805} = {6BC2E2CC-751C-4F2B-ABEF-A2C2C1123805}
	EndProjectSection
EndProject
Project("{8BC9CEB8-8B4A-11D0-8D11-00A0C91BC942}") = "MaiTrixTest", "..\Tests\MaiTrixTest\MaiTrixTest.vcxproj", "{67E4E42A-7543-4A93-A138-F6DAA92C25E6}"
	ProjectSection(ProjectDependencies) = postProject
		{6639970A-C95E-41E5-98A8-DBDB776377C4} = {6639970A-C95E-41E5-98A8-DBDB776377C4}
		{A6228F50-4D9A-40D6-A750-A377F9B45186} = {A6228F50-4D9A-40D6-A750-A377F9B45186}
		{BD8D4358-9F37-4354-A814-69329E0F7F65} = {BD8D4358-9F37-4354-A814-69329E0F7F65}
		{698B5F5A-0F26-4BE7-8A4E-F624A19C09DA} = {698B5F5A-0F26-4BE7-8A4E-F624A19C09DA}
	EndProjectSection
EndProject
Project("{2150E333-8FDC-42A3-9474-1A3956D46DE8}") = "Tests", "Tests", "{DC646DA2-332C-4DFC-BBEF-091FBFE38E6D}"
EndProject
Project("{8BC9CEB8-8B4A-11D0-8D11-00A0C91BC942}") = "MaiTrixUnitTest", "..\Tests\MaiTrixUnitTest\MaiTrixUnitTest.vcxproj", "{65C1ECC8-8A9C-4FDB-ACC2-8CCE6BDE4228}"
	ProjectSection(ProjectDependencies) = postProject
		{6639970A-C95E-41E5-98A8-DBDB776377C4} = {6639970A-C95E-41E5-98A8-DBDB776377C4}
		{BD8D4358-9F37-4354-A814-69329E0F7F65} = {BD8D4358-9F37-4354-A814-69329E0F7F65}
		{698B5F5A-0F26-4BE7-8A4E-F624A19C09DA} = {698B5F5A-0F26-4BE7-8A4E-F624A19C09DA}
	EndProjectSection
EndProject
Project("{8BC9CEB8-8B4A-11D0-8D11-00A0C91BC942}") = "Internals", "..\CPP\Face\Internals\Internals.vcxproj", "{A6228F50-4D9A-40D6-A750-A377F9B45186}"
	ProjectSection(ProjectDependencies) = postProject
		{6639970A-C95E-41E5-98A8-DBDB776377C4} = {6639970A-C95E-41E5-98A8-DBDB776377C4}
		{BD8D4358-9F37-4354-A814-69329E0F7F65} = {BD8D4358-9F37-4354-A814-69329E0F7F65}
		{698B5F5A-0F26-4BE7-8A4E-F624A19C09DA} = {698B5F5A-0F26-4BE7-8A4E-F624A19C09DA}
	EndProjectSection
EndProject
Project("{8BC9CEB8-8B4A-11D0-8D11-00A0C91BC942}") = "BaseUnitTest", "..\Tests\BaseUnitTest\BaseUnitTest.vcxproj", "{160C7183-83E9-409C-9354-9B9B39AFCD9C}"
	ProjectSection(ProjectDependencies) = postProject
		{6639970A-C95E-41E5-98A8-DBDB776377C4} = {6639970A-C95E-41E5-98A8-DBDB776377C4}
		{A6228F50-4D9A-40D6-A750-A377F9B45186} = {A6228F50-4D9A-40D6-A750-A377F9B45186}
		{BD8D4358-9F37-4354-A814-69329E0F7F65} = {BD8D4358-9F37-4354-A814-69329E0F7F65}
		{698B5F5A-0F26-4BE7-8A4E-F624A19C09DA} = {698B5F5A-0F26-4BE7-8A4E-F624A19C09DA}
		{6BC2E2CC-751C-4F2B-ABEF-A2C2C1123805} = {6BC2E2CC-751C-4F2B-ABEF-A2C2C1123805}
	EndProjectSection
EndProject
Project("{2150E333-8FDC-42A3-9474-1A3956D46DE8}") = "Tools", "Tools", "{28FD9958-DA10-4956-A9FC-FD0CD898B13B}"
EndProject
Project("{8BC9CEB8-8B4A-11D0-8D11-00A0C91BC942}") = "AnalyseIt", "..\Tools\AnalyseIt\AnalyseIt.vcxproj", "{4E170198-3CB8-4ED1-8BB3-465389ECCBC8}"
	ProjectSection(ProjectDependencies) = postProject
		{6639970A-C95E-41E5-98A8-DBDB776377C4} = {6639970A-C95E-41E5-98A8-DBDB776377C4}
		{A6228F50-4D9A-40D6-A750-A377F9B45186} = {A6228F50-4D9A-40D6-A750-A377F9B45186}
	EndProjectSection
EndProject
Project("{8BC9CEB8-8B4A-11D0-8D11-00A0C91BC942}") = "VisualCube", "..\CPP\Face\VisualCube\VisualCube.vcxproj", "{2AC9005A-4046-47E7-9736-09664DC6CC4C}"
EndProject
Project("{8BC9CEB8-8B4A-11D0-8D11-00A0C91BC942}") = "VisualCubeUnitTest", "..\Tests\VisualCubeUnitTest\VisualCubeUnitTest.vcxproj", "{AA187D92-BB8D-42BD-8DE3-1CD290031BE8}"
EndProject
Project("{2150E333-8FDC-42A3-9474-1A3956D46DE8}") = "Solution Items", "Solution Items", "{B6C166F2-DDBE-4607-BEC9-78887EB54152}"
	ProjectSection(SolutionItems) = preProject
		.editorconfig = .editorconfig
	EndProjectSection
EndProject
Global
	GlobalSection(SolutionConfigurationPlatforms) = preSolution
		Debug|Win32 = Debug|Win32
		Debug|x64 = Debug|x64
		Release|Win32 = Release|Win32
		Release|x64 = Release|x64
	EndGlobalSection
	GlobalSection(ProjectConfigurationPlatforms) = postSolution
		{6BC2E2CC-751C-4F2B-ABEF-A2C2C1123805}.Debug|Win32.ActiveCfg = Debug|Win32
		{6BC2E2CC-751C-4F2B-ABEF-A2C2C1123805}.Debug|Win32.Build.0 = Debug|Win32
		{6BC2E2CC-751C-4F2B-ABEF-A2C2C1123805}.Debug|x64.ActiveCfg = Debug|Win32
		{6BC2E2CC-751C-4F2B-ABEF-A2C2C1123805}.Release|Win32.ActiveCfg = Release|Win32
		{6BC2E2CC-751C-4F2B-ABEF-A2C2C1123805}.Release|Win32.Build.0 = Release|Win32
		{6BC2E2CC-751C-4F2B-ABEF-A2C2C1123805}.Release|x64.ActiveCfg = Release|Win32
		{6639970A-C95E-41E5-98A8-DBDB776377C4}.Debug|Win32.ActiveCfg = Debug|Win32
		{6639970A-C95E-41E5-98A8-DBDB776377C4}.Debug|Win32.Build.0 = Debug|Win32
		{6639970A-C95E-41E5-98A8-DBDB776377C4}.Debug|x64.ActiveCfg = Debug|Win32
		{6639970A-C95E-41E5-98A8-DBDB776377C4}.Release|Win32.ActiveCfg = Release|Win32
		{6639970A-C95E-41E5-98A8-DBDB776377C4}.Release|Win32.Build.0 = Release|Win32
		{6639970A-C95E-41E5-98A8-DBDB776377C4}.Release|x64.ActiveCfg = Release|Win32
		{BD8D4358-9F37-4354-A814-69329E0F7F65}.Debug|Win32.ActiveCfg = Debug|Win32
		{BD8D4358-9F37-4354-A814-69329E0F7F65}.Debug|Win32.Build.0 = Debug|Win32
		{BD8D4358-9F37-4354-A814-69329E0F7F65}.Debug|x64.ActiveCfg = Debug|Win32
		{BD8D4358-9F37-4354-A814-69329E0F7F65}.Release|Win32.ActiveCfg = Release|Win32
		{BD8D4358-9F37-4354-A814-69329E0F7F65}.Release|Win32.Build.0 = Release|Win32
		{BD8D4358-9F37-4354-A814-69329E0F7F65}.Release|x64.ActiveCfg = Release|Win32
		{698B5F5A-0F26-4BE7-8A4E-F624A19C09DA}.Debug|Win32.ActiveCfg = Debug|Win32
		{698B5F5A-0F26-4BE7-8A4E-F624A19C09DA}.Debug|Win32.Build.0 = Debug|Win32
		{698B5F5A-0F26-4BE7-8A4E-F624A19C09DA}.Debug|x64.ActiveCfg = Debug|Win32
		{698B5F5A-0F26-4BE7-8A4E-F624A19C09DA}.Release|Win32.ActiveCfg = Release|Win32
		{698B5F5A-0F26-4BE7-8A4E-F624A19C09DA}.Release|Win32.Build.0 = Release|Win32
		{698B5F5A-0F26-4BE7-8A4E-F624A19C09DA}.Release|x64.ActiveCfg = Release|Win32
		{C65BE3BF-8C99-4B0A-9A07-42EFE1ED6851}.Debug|Win32.ActiveCfg = Debug|Win32
		{C65BE3BF-8C99-4B0A-9A07-42EFE1ED6851}.Debug|Win32.Build.0 = Debug|Win32
		{C65BE3BF-8C99-4B0A-9A07-42EFE1ED6851}.Debug|x64.ActiveCfg = Debug|Win32
		{C65BE3BF-8C99-4B0A-9A07-42EFE1ED6851}.Release|Win32.ActiveCfg = Release|Win32
		{C65BE3BF-8C99-4B0A-9A07-42EFE1ED6851}.Release|Win32.Build.0 = Release|Win32
		{C65BE3BF-8C99-4B0A-9A07-42EFE1ED6851}.Release|x64.ActiveCfg = Release|Win32
		{9ECC177D-259F-4885-A81A-96BEF8C61424}.Debug|Win32.ActiveCfg = Debug|Win32
		{9ECC177D-259F-4885-A81A-96BEF8C61424}.Debug|Win32.Build.0 = Debug|Win32
		{9ECC177D-259F-4885-A81A-96BEF8C61424}.Debug|x64.ActiveCfg = Debug|Win32
		{9ECC177D-259F-4885-A81A-96BEF8C61424}.Release|Win32.ActiveCfg = Release|Win32
		{9ECC177D-259F-4885-A81A-96BEF8C61424}.Release|Win32.Build.0 = Release|Win32
		{9ECC177D-259F-4885-A81A-96BEF8C61424}.Release|x64.ActiveCfg = Release|Win32
		{67E4E42A-7543-4A93-A138-F6DAA92C25E6}.Debug|Win32.ActiveCfg = Debug|Win32
		{67E4E42A-7543-4A93-A138-F6DAA92C25E6}.Debug|Win32.Build.0 = Debug|Win32
		{67E4E42A-7543-4A93-A138-F6DAA92C25E6}.Debug|x64.ActiveCfg = Debug|Win32
		{67E4E42A-7543-4A93-A138-F6DAA92C25E6}.Release|Win32.ActiveCfg = Release|Win32
		{67E4E42A-7543-4A93-A138-F6DAA92C25E6}.Release|Win32.Build.0 = Release|Win32
		{67E4E42A-7543-4A93-A138-F6DAA92C25E6}.Release|x64.ActiveCfg = Release|Win32
		{65C1ECC8-8A9C-4FDB-ACC2-8CCE6BDE4228}.Debug|Win32.ActiveCfg = Debug|Win32
		{65C1ECC8-8A9C-4FDB-ACC2-8CCE6BDE4228}.Debug|Win32.Build.0 = Debug|Win32
		{65C1ECC8-8A9C-4FDB-ACC2-8CCE6BDE4228}.Debug|x64.ActiveCfg = Debug|Win32
		{65C1ECC8-8A9C-4FDB-ACC2-8CCE6BDE4228}.Release|Win32.ActiveCfg = Release|Win32
		{65C1ECC8-8A9C-4FDB-ACC2-8CCE6BDE4228}.Release|Win32.Build.0 = Release|Win32
		{65C1ECC8-8A9C-4FDB-ACC2-8CCE6BDE4228}.Release|x64.ActiveCfg = Release|Win32
		{A6228F50-4D9A-40D6-A750-A377F9B45186}.Debug|Win32.ActiveCfg = Debug|Win32
		{A6228F50-4D9A-40D6-A750-A377F9B45186}.Debug|Win32.Build.0 = Debug|Win32
		{A6228F50-4D9A-40D6-A750-A377F9B45186}.Debug|x64.ActiveCfg = Debug|Win32
		{A6228F50-4D9A-40D6-A750-A377F9B45186}.Release|Win32.ActiveCfg = Release|Win32
		{A6228F50-4D9A-40D6-A750-A377F9B45186}.Release|Win32.Build.0 = Release|Win32
		{A6228F50-4D9A-40D6-A750-A377F9B45186}.Release|x64.ActiveCfg = Release|Win32
		{160C7183-83E9-409C-9354-9B9B39AFCD9C}.Debug|Win32.ActiveCfg = Debug|Win32
		{160C7183-83E9-409C-9354-9B9B39AFCD9C}.Debug|Win32.Build.0 = Debug|Win32
		{160C7183-83E9-409C-9354-9B9B39AFCD9C}.Debug|x64.ActiveCfg = Debug|Win32
		{160C7183-83E9-409C-9354-9B9B39AFCD9C}.Release|Win32.ActiveCfg = Release|Win32
		{160C7183-83E9-409C-9354-9B9B39AFCD9C}.Release|Win32.Build.0 = Release|Win32
		{160C7183-83E9-409C-9354-9B9B39AFCD9C}.Release|x64.ActiveCfg = Release|Win32
		{4E170198-3CB8-4ED1-8BB3-465389ECCBC8}.Debug|Win32.ActiveCfg = Debug|Win32
		{4E170198-3CB8-4ED1-8BB3-465389ECCBC8}.Debug|Win32.Build.0 = Debug|Win32
		{4E170198-3CB8-4ED1-8BB3-465389ECCBC8}.Debug|x64.ActiveCfg = Debug|Win32
		{4E170198-3CB8-4ED1-8BB3-465389ECCBC8}.Release|Win32.ActiveCfg = Release|Win32
		{4E170198-3CB8-4ED1-8BB3-465389ECCBC8}.Release|Win32.Build.0 = Release|Win32
		{4E170198-3CB8-4ED1-8BB3-465389ECCBC8}.Release|x64.ActiveCfg = Release|Win32
		{2AC9005A-4046-47E7-9736-09664DC6CC4C}.Debug|Win32.ActiveCfg = Debug|Win32
		{2AC9005A-4046-47E7-9736-09664DC6CC4C}.Debug|Win32.Build.0 = Debug|Win32
		{2AC9005A-4046-47E7-9736-09664DC6CC4C}.Debug|x64.ActiveCfg = Debug|Win32
		{2AC9005A-4046-47E7-9736-09664DC6CC4C}.Release|Win32.ActiveCfg = Release|Win32
		{2AC9005A-4046-47E7-9736-09664DC6CC4C}.Release|Win32.Build.0 = Release|Win32
		{2AC9005A-4046-47E7-9736-09664DC6CC4C}.Release|x64.ActiveCfg = Release|Win32
		{AA187D92-BB8D-42BD-8DE3-1CD290031BE8}.Debug|Win32.ActiveCfg = Debug|Win32
		{AA187D92-BB8D-42BD-8DE3-1CD290031BE8}.Debug|Win32.Build.0 = Debug|Win32
		{AA187D92-BB8D-42BD-8DE3-1CD290031BE8}.Debug|x64.ActiveCfg = Debug|x64
		{AA187D92-BB8D-42BD-8DE3-1CD290031BE8}.Debug|x64.Build.0 = Debug|x64
		{AA187D92-BB8D-42BD-8DE3-1CD290031BE8}.Release|Win32.ActiveCfg = Release|Win32
		{AA187D92-BB8D-42BD-8DE3-1CD290031BE8}.Release|Win32.Build.0 = Release|Win32
		{AA187D92-BB8D-42BD-8DE3-1CD290031BE8}.Release|x64.ActiveCfg = Release|x64
		{AA187D92-BB8D-42BD-8DE3-1CD290031BE8}.Release|x64.Build.0 = Release|x64
	EndGlobalSection
	GlobalSection(SolutionProperties) = preSolution
		HideSolutionNode = FALSE
	EndGlobalSection
	GlobalSection(NestedProjects) = preSolution
		{9ECC177D-259F-4885-A81A-96BEF8C61424} = {DC646DA2-332C-4DFC-BBEF-091FBFE38E6D}
		{67E4E42A-7543-4A93-A138-F6DAA92C25E6} = {DC646DA2-332C-4DFC-BBEF-091FBFE38E6D}
		{65C1ECC8-8A9C-4FDB-ACC2-8CCE6BDE4228} = {DC646DA2-332C-4DFC-BBEF-091FBFE38E6D}
		{160C7183-83E9-409C-9354-9B9B39AFCD9C} = {DC646DA2-332C-4DFC-BBEF-091FBFE38E6D}
		{4E170198-3CB8-4ED1-8BB3-465389ECCBC8} = {28FD9958-DA10-4956-A9FC-FD0CD898B13B}
		{AA187D92-BB8D-42BD-8DE3-1CD290031BE8} = {DC646DA2-332C-4DFC-BBEF-091FBFE38E6D}
	EndGlobalSection
	GlobalSection(ExtensibilityGlobals) = postSolution
		SolutionGuid = {DA91E679-B270-497E-B213-8485C0329D7A}
	EndGlobalSection
EndGlobal
